
Microsoft Visual Studio Solution File, Format Version 12.00
# Visual Studio Version 16
VisualStudioVersion = 16.0.30114.105
MinimumVisualStudioVersion = 10.0.40219.1
Project("{2150E333-8FDC-42A3-9474-1A3956D46DE8}") = "src", "src", "{3CB95B0A-84A3-42D5-9685-06CDA74341F4}"
EndProject
Project("{FAE04EC0-301F-11D3-BF4B-00C04F79EFBC}") = "GradeBook", "src\GradeBook\GradeBook.csproj", "{56CACFE1-BD99-4230-806E-E28F8E4B5E85}"
EndProject
Project("{2150E333-8FDC-42A3-9474-1A3956D46DE8}") = "test", "test", "{1E5C00E6-AD5A-481C-8ED4-049DBBCD5EC6}"
EndProject
Project("{FAE04EC0-301F-11D3-BF4B-00C04F79EFBC}") = "GradeBook.Tests", "test\GradeBook.Tests\GradeBook.Tests.csproj", "{A4A9EB11-0673-4E5F-AB44-4D7EE23B44CB}"
EndProject
Global
	GlobalSection(SolutionConfigurationPlatforms) = preSolution
		Debug|Any CPU = Debug|Any CPU
		Debug|x64 = Debug|x64
		Debug|x86 = Debug|x86
		Release|Any CPU = Release|Any CPU
		Release|x64 = Release|x64
		Release|x86 = Release|x86
	EndGlobalSection
	GlobalSection(SolutionProperties) = preSolution
		HideSolutionNode = FALSE
	EndGlobalSection
	GlobalSection(ProjectConfigurationPlatforms) = postSolution
		{56CACFE1-BD99-4230-806E-E28F8E4B5E85}.Debug|Any CPU.ActiveCfg = Debug|Any CPU
		{56CACFE1-BD99-4230-806E-E28F8E4B5E85}.Debug|Any CPU.Build.0 = Debug|Any CPU
		{56CACFE1-BD99-4230-806E-E28F8E4B5E85}.Debug|x64.ActiveCfg = Debug|Any CPU
		{56CACFE1-BD99-4230-806E-E28F8E4B5E85}.Debug|x64.Build.0 = Debug|Any CPU
		{56CACFE1-BD99-4230-806E-E28F8E4B5E85}.Debug|x86.ActiveCfg = Debug|Any CPU
		{56CACFE1-BD99-4230-806E-E28F8E4B5E85}.Debug|x86.Build.0 = Debug|Any CPU
		{56CACFE1-BD99-4230-806E-E28F8E4B5E85}.Release|Any CPU.ActiveCfg = Release|Any CPU
		{56CACFE1-BD99-4230-806E-E28F8E4B5E85}.Release|Any CPU.Build.0 = Release|Any CPU
		{56CACFE1-BD99-4230-806E-E28F8E4B5E85}.Release|x64.ActiveCfg = Release|Any CPU
		{56CACFE1-BD99-4230-806E-E28F8E4B5E85}.Release|x64.Build.0 = Release|Any CPU
		{56CACFE1-BD99-4230-806E-E28F8E4B5E85}.Release|x86.ActiveCfg = Release|Any CPU
		{56CACFE1-BD99-4230-806E-E28F8E4B5E85}.Release|x86.Build.0 = Release|Any CPU
		{A4A9EB11-0673-4E5F-AB44-4D7EE23B44CB}.Debug|Any CPU.ActiveCfg = Debug|Any CPU
		{A4A9EB11-0673-4E5F-AB44-4D7EE23B44CB}.Debug|Any CPU.Build.0 = Debug|Any CPU
		{A4A9EB11-0673-4E5F-AB44-4D7EE23B44CB}.Debug|x64.ActiveCfg = Debug|Any CPU
		{A4A9EB11-0673-4E5F-AB44-4D7EE23B44CB}.Debug|x64.Build.0 = Debug|Any CPU
		{A4A9EB11-0673-4E5F-AB44-4D7EE23B44CB}.Debug|x86.ActiveCfg = Debug|Any CPU
		{A4A9EB11-0673-4E5F-AB44-4D7EE23B44CB}.Debug|x86.Build.0 = Debug|Any CPU
		{A4A9EB11-0673-4E5F-AB44-4D7EE23B44CB}.Release|Any CPU.ActiveCfg = Release|Any CPU
		{A4A9EB11-0673-4E5F-AB44-4D7EE23B44CB}.Release|Any CPU.Build.0 = Release|Any CPU
		{A4A9EB11-0673-4E5F-AB44-4D7EE23B44CB}.Release|x64.ActiveCfg = Release|Any CPU
		{A4A9EB11-0673-4E5F-AB44-4D7EE23B44CB}.Release|x64.Build.0 = Release|Any CPU
		{A4A9EB11-0673-4E5F-AB44-4D7EE23B44CB}.Release|x86.ActiveCfg = Release|Any CPU
		{A4A9EB11-0673-4E5F-AB44-4D7EE23B44CB}.Release|x86.Build.0 = Release|Any CPU
	EndGlobalSection
	GlobalSection(NestedProjects) = preSolution
		{56CACFE1-BD99-4230-806E-E28F8E4B5E85} = {3CB95B0A-84A3-42D5-9685-06CDA74341F4}
		{A4A9EB11-0673-4E5F-AB44-4D7EE23B44CB} = {1E5C00E6-AD5A-481C-8ED4-049DBBCD5EC6}
	EndGlobalSection
EndGlobal
